
Microsoft Visual Studio Solution File, Format Version 12.00
# Visual Studio Version 16
VisualStudioVersion = 16.0.29102.190
MinimumVisualStudioVersion = 10.0.40219.1
Project("{9A19103F-16F7-4668-BE54-9A1E7A4F7556}") = "StudentiProject.Shared", "StudentiProject.Shared.csproj", "{0BEC9F85-87F2-4E23-BB2E-691E604FDA5D}"
EndProject
Global
	GlobalSection(SolutionConfigurationPlatforms) = preSolution
		Debug|Any CPU = Debug|Any CPU
		Release|Any CPU = Release|Any CPU
	EndGlobalSection
	GlobalSection(ProjectConfigurationPlatforms) = postSolution
		{0BEC9F85-87F2-4E23-BB2E-691E604FDA5D}.Debug|Any CPU.ActiveCfg = Debug|Any CPU
		{0BEC9F85-87F2-4E23-BB2E-691E604FDA5D}.Debug|Any CPU.Build.0 = Debug|Any CPU
		{0BEC9F85-87F2-4E23-BB2E-691E604FDA5D}.Release|Any CPU.ActiveCfg = Release|Any CPU
		{0BEC9F85-87F2-4E23-BB2E-691E604FDA5D}.Release|Any CPU.Build.0 = Release|Any CPU
	EndGlobalSection
	GlobalSection(SolutionProperties) = preSolution
		HideSolutionNode = FALSE
	EndGlobalSection
	GlobalSection(ExtensibilityGlobals) = postSolution
		SolutionGuid = {0FF732A4-DCBE-40FF-88E1-8EE3A400FBC6}
	EndGlobalSection
EndGlobal
